// !$*UTF8*$!
{
	archiveVersion = 1;
	classes = {
	};
	objectVersion = 52;
	objects = {

/* Begin PBXBuildFile section */
		83978C8523C437760016B3D0 /* TodayHeader.swift in Sources */ = {isa = PBXBuildFile; fileRef = 83978C8423C437760016B3D0 /* TodayHeader.swift */; };
		83978C8723C437A20016B3D0 /* TodayCell.swift in Sources */ = {isa = PBXBuildFile; fileRef = 83978C8623C437A20016B3D0 /* TodayCell.swift */; };
		83978C8923C43BFA0016B3D0 /* TodayFooter.swift in Sources */ = {isa = PBXBuildFile; fileRef = 83978C8823C43BFA0016B3D0 /* TodayFooter.swift */; };
		83978C8B23C58A4A0016B3D0 /* TodayButtonCell.swift in Sources */ = {isa = PBXBuildFile; fileRef = 83978C8A23C58A4A0016B3D0 /* TodayButtonCell.swift */; };
		83BE13BA23C1943500D837A8 /* AppDelegate.swift in Sources */ = {isa = PBXBuildFile; fileRef = 83BE13B923C1943500D837A8 /* AppDelegate.swift */; };
		83BE13BC23C1943500D837A8 /* SceneDelegate.swift in Sources */ = {isa = PBXBuildFile; fileRef = 83BE13BB23C1943500D837A8 /* SceneDelegate.swift */; };
		83BE13BE23C1943500D837A8 /* TodayController.swift in Sources */ = {isa = PBXBuildFile; fileRef = 83BE13BD23C1943500D837A8 /* TodayController.swift */; };
		83BE13C323C1943A00D837A8 /* Assets.xcassets in Resources */ = {isa = PBXBuildFile; fileRef = 83BE13C223C1943A00D837A8 /* Assets.xcassets */; };
		83BE13C623C1943A00D837A8 /* LaunchScreen.storyboard in Resources */ = {isa = PBXBuildFile; fileRef = 83BE13C423C1943A00D837A8 /* LaunchScreen.storyboard */; };
		83BE13F523C2CBB900D837A8 /* TDTools in Frameworks */ = {isa = PBXBuildFile; productRef = 83BE13F423C2CBB900D837A8 /* TDTools */; };
		83BE13F723C2CBE600D837A8 /* MainTabBarController.swift in Sources */ = {isa = PBXBuildFile; fileRef = 83BE13F623C2CBE600D837A8 /* MainTabBarController.swift */; };
/* End PBXBuildFile section */

/* Begin PBXFileReference section */
		83978C8423C437760016B3D0 /* TodayHeader.swift */ = {isa = PBXFileReference; lastKnownFileType = sourcecode.swift; path = TodayHeader.swift; sourceTree = "<group>"; };
		83978C8623C437A20016B3D0 /* TodayCell.swift */ = {isa = PBXFileReference; lastKnownFileType = sourcecode.swift; path = TodayCell.swift; sourceTree = "<group>"; };
		83978C8823C43BFA0016B3D0 /* TodayFooter.swift */ = {isa = PBXFileReference; lastKnownFileType = sourcecode.swift; path = TodayFooter.swift; sourceTree = "<group>"; };
		83978C8A23C58A4A0016B3D0 /* TodayButtonCell.swift */ = {isa = PBXFileReference; lastKnownFileType = sourcecode.swift; path = TodayButtonCell.swift; sourceTree = "<group>"; };
		83BE13B623C1943500D837A8 /* AppStoreCompositionalLayout.app */ = {isa = PBXFileReference; explicitFileType = wrapper.application; includeInIndex = 0; path = AppStoreCompositionalLayout.app; sourceTree = BUILT_PRODUCTS_DIR; };
		83BE13B923C1943500D837A8 /* AppDelegate.swift */ = {isa = PBXFileReference; lastKnownFileType = sourcecode.swift; path = AppDelegate.swift; sourceTree = "<group>"; };
		83BE13BB23C1943500D837A8 /* SceneDelegate.swift */ = {isa = PBXFileReference; lastKnownFileType = sourcecode.swift; path = SceneDelegate.swift; sourceTree = "<group>"; };
		83BE13BD23C1943500D837A8 /* TodayController.swift */ = {isa = PBXFileReference; lastKnownFileType = sourcecode.swift; path = TodayController.swift; sourceTree = "<group>"; };
		83BE13C223C1943A00D837A8 /* Assets.xcassets */ = {isa = PBXFileReference; lastKnownFileType = folder.assetcatalog; path = Assets.xcassets; sourceTree = "<group>"; };
		83BE13C523C1943A00D837A8 /* Base */ = {isa = PBXFileReference; lastKnownFileType = file.storyboard; name = Base; path = Base.lproj/LaunchScreen.storyboard; sourceTree = "<group>"; };
		83BE13C723C1943A00D837A8 /* Info.plist */ = {isa = PBXFileReference; lastKnownFileType = text.plist.xml; path = Info.plist; sourceTree = "<group>"; };
		83BE13F623C2CBE600D837A8 /* MainTabBarController.swift */ = {isa = PBXFileReference; lastKnownFileType = sourcecode.swift; path = MainTabBarController.swift; sourceTree = "<group>"; };
/* End PBXFileReference section */

/* Begin PBXFrameworksBuildPhase section */
		83BE13B323C1943500D837A8 /* Frameworks */ = {
			isa = PBXFrameworksBuildPhase;
			buildActionMask = 2147483647;
			files = (
				83BE13F523C2CBB900D837A8 /* TDTools in Frameworks */,
			);
			runOnlyForDeploymentPostprocessing = 0;
		};
/* End PBXFrameworksBuildPhase section */

/* Begin PBXGroup section */
		83978C8323C437670016B3D0 /* View */ = {
			isa = PBXGroup;
			children = (
				83978C8423C437760016B3D0 /* TodayHeader.swift */,
				83978C8623C437A20016B3D0 /* TodayCell.swift */,
				83978C8823C43BFA0016B3D0 /* TodayFooter.swift */,
				83978C8A23C58A4A0016B3D0 /* TodayButtonCell.swift */,
			);
			path = View;
			sourceTree = "<group>";
		};
		83BE13AD23C1943500D837A8 = {
			isa = PBXGroup;
			children = (
				83BE13B823C1943500D837A8 /* AppStoreCompositionalLayout */,
				83BE13B723C1943500D837A8 /* Products */,
			);
			sourceTree = "<group>";
		};
		83BE13B723C1943500D837A8 /* Products */ = {
			isa = PBXGroup;
			children = (
				83BE13B623C1943500D837A8 /* AppStoreCompositionalLayout.app */,
			);
			name = Products;
			sourceTree = "<group>";
		};
		83BE13B823C1943500D837A8 /* AppStoreCompositionalLayout */ = {
			isa = PBXGroup;
			children = (
				83978C8323C437670016B3D0 /* View */,
				83BE13CE23C1955E00D837A8 /* Controllers */,
				83BE13CD23C1955100D837A8 /* SupportingFiles */,
			);
			path = AppStoreCompositionalLayout;
			sourceTree = "<group>";
		};
		83BE13CD23C1955100D837A8 /* SupportingFiles */ = {
			isa = PBXGroup;
			children = (
				83BE13B923C1943500D837A8 /* AppDelegate.swift */,
				83BE13BB23C1943500D837A8 /* SceneDelegate.swift */,
				83BE13C223C1943A00D837A8 /* Assets.xcassets */,
				83BE13C423C1943A00D837A8 /* LaunchScreen.storyboard */,
				83BE13C723C1943A00D837A8 /* Info.plist */,
			);
			path = SupportingFiles;
			sourceTree = "<group>";
		};
		83BE13CE23C1955E00D837A8 /* Controllers */ = {
			isa = PBXGroup;
			children = (
				83BE13BD23C1943500D837A8 /* TodayController.swift */,
				83BE13F623C2CBE600D837A8 /* MainTabBarController.swift */,
			);
			path = Controllers;
			sourceTree = "<group>";
		};
/* End PBXGroup section */

/* Begin PBXNativeTarget section */
		83BE13B523C1943500D837A8 /* AppStoreCompositionalLayout */ = {
			isa = PBXNativeTarget;
			buildConfigurationList = 83BE13CA23C1943A00D837A8 /* Build configuration list for PBXNativeTarget "AppStoreCompositionalLayout" */;
			buildPhases = (
				83BE13B223C1943500D837A8 /* Sources */,
				83BE13B323C1943500D837A8 /* Frameworks */,
				83BE13B423C1943500D837A8 /* Resources */,
			);
			buildRules = (
			);
			dependencies = (
			);
			name = AppStoreCompositionalLayout;
			packageProductDependencies = (
				83BE13F423C2CBB900D837A8 /* TDTools */,
			);
			productName = AppStoreCompositionalLayout;
			productReference = 83BE13B623C1943500D837A8 /* AppStoreCompositionalLayout.app */;
			productType = "com.apple.product-type.application";
		};
/* End PBXNativeTarget section */

/* Begin PBXProject section */
		83BE13AE23C1943500D837A8 /* Project object */ = {
			isa = PBXProject;
			attributes = {
				LastSwiftUpdateCheck = 1130;
				LastUpgradeCheck = 1130;
				ORGANIZATIONNAME = "Tieda Wei";
				TargetAttributes = {
					83BE13B523C1943500D837A8 = {
						CreatedOnToolsVersion = 11.3;
					};
				};
			};
			buildConfigurationList = 83BE13B123C1943500D837A8 /* Build configuration list for PBXProject "AppStoreCompositionalLayout" */;
			compatibilityVersion = "Xcode 9.3";
			developmentRegion = en;
			hasScannedForEncodings = 0;
			knownRegions = (
				en,
				Base,
			);
			mainGroup = 83BE13AD23C1943500D837A8;
			packageReferences = (
				83BE13F323C2CBB900D837A8 /* XCRemoteSwiftPackageReference "td-tools" */,
			);
			productRefGroup = 83BE13B723C1943500D837A8 /* Products */;
			projectDirPath = "";
			projectRoot = "";
			targets = (
				83BE13B523C1943500D837A8 /* AppStoreCompositionalLayout */,
			);
		};
/* End PBXProject section */

/* Begin PBXResourcesBuildPhase section */
		83BE13B423C1943500D837A8 /* Resources */ = {
			isa = PBXResourcesBuildPhase;
			buildActionMask = 2147483647;
			files = (
				83BE13C623C1943A00D837A8 /* LaunchScreen.storyboard in Resources */,
				83BE13C323C1943A00D837A8 /* Assets.xcassets in Resources */,
			);
			runOnlyForDeploymentPostprocessing = 0;
		};
/* End PBXResourcesBuildPhase section */

/* Begin PBXSourcesBuildPhase section */
		83BE13B223C1943500D837A8 /* Sources */ = {
			isa = PBXSourcesBuildPhase;
			buildActionMask = 2147483647;
			files = (
				83978C8923C43BFA0016B3D0 /* TodayFooter.swift in Sources */,
				83BE13BE23C1943500D837A8 /* TodayController.swift in Sources */,
				83978C8523C437760016B3D0 /* TodayHeader.swift in Sources */,
				83BE13BA23C1943500D837A8 /* AppDelegate.swift in Sources */,
				83BE13F723C2CBE600D837A8 /* MainTabBarController.swift in Sources */,
				83978C8B23C58A4A0016B3D0 /* TodayButtonCell.swift in Sources */,
				83BE13BC23C1943500D837A8 /* SceneDelegate.swift in Sources */,
				83978C8723C437A20016B3D0 /* TodayCell.swift in Sources */,
			);
			runOnlyForDeploymentPostprocessing = 0;
		};
/* End PBXSourcesBuildPhase section */

/* Begin PBXVariantGroup section */
		83BE13C423C1943A00D837A8 /* LaunchScreen.storyboard */ = {
			isa = PBXVariantGroup;
			children = (
				83BE13C523C1943A00D837A8 /* Base */,
			);
			name = LaunchScreen.storyboard;
			sourceTree = "<group>";
		};
/* End PBXVariantGroup section */

/* Begin XCBuildConfiguration section */
		83BE13C823C1943A00D837A8 /* Debug */ = {
			isa = XCBuildConfiguration;
			buildSettings = {
				ALWAYS_SEARCH_USER_PATHS = NO;
				CLANG_ANALYZER_NONNULL = YES;
				CLANG_ANALYZER_NUMBER_OBJECT_CONVERSION = YES_AGGRESSIVE;
				CLANG_CXX_LANGUAGE_STANDARD = "gnu++14";
				CLANG_CXX_LIBRARY = "libc++";
				CLANG_ENABLE_MODULES = YES;
				CLANG_ENABLE_OBJC_ARC = YES;
				CLANG_ENABLE_OBJC_WEAK = YES;
				CLANG_WARN_BLOCK_CAPTURE_AUTORELEASING = YES;
				CLANG_WARN_BOOL_CONVERSION = YES;
				CLANG_WARN_COMMA = YES;
				CLANG_WARN_CONSTANT_CONVERSION = YES;
				CLANG_WARN_DEPRECATED_OBJC_IMPLEMENTATIONS = YES;
				CLANG_WARN_DIRECT_OBJC_ISA_USAGE = YES_ERROR;
				CLANG_WARN_DOCUMENTATION_COMMENTS = YES;
				CLANG_WARN_EMPTY_BODY = YES;
				CLANG_WARN_ENUM_CONVERSION = YES;
				CLANG_WARN_INFINITE_RECURSION = YES;
				CLANG_WARN_INT_CONVERSION = YES;
				CLANG_WARN_NON_LITERAL_NULL_CONVERSION = YES;
				CLANG_WARN_OBJC_IMPLICIT_RETAIN_SELF = YES;
				CLANG_WARN_OBJC_LITERAL_CONVERSION = YES;
				CLANG_WARN_OBJC_ROOT_CLASS = YES_ERROR;
				CLANG_WARN_RANGE_LOOP_ANALYSIS = YES;
				CLANG_WARN_STRICT_PROTOTYPES = YES;
				CLANG_WARN_SUSPICIOUS_MOVE = YES;
				CLANG_WARN_UNGUARDED_AVAILABILITY = YES_AGGRESSIVE;
				CLANG_WARN_UNREACHABLE_CODE = YES;
				CLANG_WARN__DUPLICATE_METHOD_MATCH = YES;
				COPY_PHASE_STRIP = NO;
				DEBUG_INFORMATION_FORMAT = dwarf;
				ENABLE_STRICT_OBJC_MSGSEND = YES;
				ENABLE_TESTABILITY = YES;
				GCC_C_LANGUAGE_STANDARD = gnu11;
				GCC_DYNAMIC_NO_PIC = NO;
				GCC_NO_COMMON_BLOCKS = YES;
				GCC_OPTIMIZATION_LEVEL = 0;
				GCC_PREPROCESSOR_DEFINITIONS = (
					"DEBUG=1",
					"$(inherited)",
				);
				GCC_WARN_64_TO_32_BIT_CONVERSION = YES;
				GCC_WARN_ABOUT_RETURN_TYPE = YES_ERROR;
				GCC_WARN_UNDECLARED_SELECTOR = YES;
				GCC_WARN_UNINITIALIZED_AUTOS = YES_AGGRESSIVE;
				GCC_WARN_UNUSED_FUNCTION = YES;
				GCC_WARN_UNUSED_VARIABLE = YES;
				IPHONEOS_DEPLOYMENT_TARGET = 13.0;
				MTL_ENABLE_DEBUG_INFO = INCLUDE_SOURCE;
				MTL_FAST_MATH = YES;
				ONLY_ACTIVE_ARCH = YES;
				SDKROOT = iphoneos;
				SWIFT_ACTIVE_COMPILATION_CONDITIONS = DEBUG;
				SWIFT_OPTIMIZATION_LEVEL = "-Onone";
			};
			name = Debug;
		};
		83BE13C923C1943A00D837A8 /* Release */ = {
			isa = XCBuildConfiguration;
			buildSettings = {
				ALWAYS_SEARCH_USER_PATHS = NO;
				CLANG_ANALYZER_NONNULL = YES;
				CLANG_ANALYZER_NUMBER_OBJECT_CONVERSION = YES_AGGRESSIVE;
				CLANG_CXX_LANGUAGE_STANDARD = "gnu++14";
				CLANG_CXX_LIBRARY = "libc++";
				CLANG_ENABLE_MODULES = YES;
				CLANG_ENABLE_OBJC_ARC = YES;
				CLANG_ENABLE_OBJC_WEAK = YES;
				CLANG_WARN_BLOCK_CAPTURE_AUTORELEASING = YES;
				CLANG_WARN_BOOL_CONVERSION = YES;
				CLANG_WARN_COMMA = YES;
				CLANG_WARN_CONSTANT_CONVERSION = YES;
				CLANG_WARN_DEPRECATED_OBJC_IMPLEMENTATIONS = YES;
				CLANG_WARN_DIRECT_OBJC_ISA_USAGE = YES_ERROR;
				CLANG_WARN_DOCUMENTATION_COMMENTS = YES;
				CLANG_WARN_EMPTY_BODY = YES;
				CLANG_WARN_ENUM_CONVERSION = YES;
				CLANG_WARN_INFINITE_RECURSION = YES;
				CLANG_WARN_INT_CONVERSION = YES;
				CLANG_WARN_NON_LITERAL_NULL_CONVERSION = YES;
				CLANG_WARN_OBJC_IMPLICIT_RETAIN_SELF = YES;
				CLANG_WARN_OBJC_LITERAL_CONVERSION = YES;
				CLANG_WARN_OBJC_ROOT_CLASS = YES_ERROR;
				CLANG_WARN_RANGE_LOOP_ANALYSIS = YES;
				CLANG_WARN_STRICT_PROTOTYPES = YES;
				CLANG_WARN_SUSPICIOUS_MOVE = YES;
				CLANG_WARN_UNGUARDED_AVAILABILITY = YES_AGGRESSIVE;
				CLANG_WARN_UNREACHABLE_CODE = YES;
				CLANG_WARN__DUPLICATE_METHOD_MATCH = YES;
				COPY_PHASE_STRIP = NO;
				DEBUG_INFORMATION_FORMAT = "dwarf-with-dsym";
				ENABLE_NS_ASSERTIONS = NO;
				ENABLE_STRICT_OBJC_MSGSEND = YES;
				GCC_C_LANGUAGE_STANDARD = gnu11;
				GCC_NO_COMMON_BLOCKS = YES;
				GCC_WARN_64_TO_32_BIT_CONVERSION = YES;
				GCC_WARN_ABOUT_RETURN_TYPE = YES_ERROR;
				GCC_WARN_UNDECLARED_SELECTOR = YES;
				GCC_WARN_UNINITIALIZED_AUTOS = YES_AGGRESSIVE;
				GCC_WARN_UNUSED_FUNCTION = YES;
				GCC_WARN_UNUSED_VARIABLE = YES;
				IPHONEOS_DEPLOYMENT_TARGET = 13.0;
				MTL_ENABLE_DEBUG_INFO = NO;
				MTL_FAST_MATH = YES;
				SDKROOT = iphoneos;
				SWIFT_COMPILATION_MODE = wholemodule;
				SWIFT_OPTIMIZATION_LEVEL = "-O";
				VALIDATE_PRODUCT = YES;
			};
			name = Release;
		};
		83BE13CB23C1943A00D837A8 /* Debug */ = {
			isa = XCBuildConfiguration;
			buildSettings = {
				ASSETCATALOG_COMPILER_APPICON_NAME = AppIcon;
				CODE_SIGN_STYLE = Automatic;
				DEVELOPMENT_TEAM = T64RAU2S7P;
				INFOPLIST_FILE = AppStoreCompositionalLayout/SupportingFiles/Info.plist;
				LD_RUNPATH_SEARCH_PATHS = (
					"$(inherited)",
					"@executable_path/Frameworks",
				);
				PRODUCT_BUNDLE_IDENTIFIER = com.tiedawei.AppStoreCompositionalLayout;
				PRODUCT_NAME = "$(TARGET_NAME)";
				SWIFT_VERSION = 5.0;
				TARGETED_DEVICE_FAMILY = "1,2";
			};
			name = Debug;
		};
		83BE13CC23C1943A00D837A8 /* Release */ = {
			isa = XCBuildConfiguration;
			buildSettings = {
				ASSETCATALOG_COMPILER_APPICON_NAME = AppIcon;
				CODE_SIGN_STYLE = Automatic;
				DEVELOPMENT_TEAM = T64RAU2S7P;
				INFOPLIST_FILE = AppStoreCompositionalLayout/SupportingFiles/Info.plist;
				LD_RUNPATH_SEARCH_PATHS = (
					"$(inherited)",
					"@executable_path/Frameworks",
				);
				PRODUCT_BUNDLE_IDENTIFIER = com.tiedawei.AppStoreCompositionalLayout;
				PRODUCT_NAME = "$(TARGET_NAME)";
				SWIFT_VERSION = 5.0;
				TARGETED_DEVICE_FAMILY = "1,2";
			};
			name = Release;
		};
/* End XCBuildConfiguration section */

/* Begin XCConfigurationList section */
		83BE13B123C1943500D837A8 /* Build configuration list for PBXProject "AppStoreCompositionalLayout" */ = {
			isa = XCConfigurationList;
			buildConfigurations = (
				83BE13C823C1943A00D837A8 /* Debug */,
				83BE13C923C1943A00D837A8 /* Release */,
			);
			defaultConfigurationIsVisible = 0;
			defaultConfigurationName = Release;
		};
		83BE13CA23C1943A00D837A8 /* Build configuration list for PBXNativeTarget "AppStoreCompositionalLayout" */ = {
			isa = XCConfigurationList;
			buildConfigurations = (
				83BE13CB23C1943A00D837A8 /* Debug */,
				83BE13CC23C1943A00D837A8 /* Release */,
			);
			defaultConfigurationIsVisible = 0;
			defaultConfigurationName = Release;
		};
/* End XCConfigurationList section */

/* Begin XCRemoteSwiftPackageReference section */
		83BE13F323C2CBB900D837A8 /* XCRemoteSwiftPackageReference "td-tools" */ = {
			isa = XCRemoteSwiftPackageReference;
			repositoryURL = "https://github.com/weitieda/td-tools.git";
			requirement = {
				kind = upToNextMajorVersion;
				minimumVersion = 1.1.4;
			};
		};
/* End XCRemoteSwiftPackageReference section */

/* Begin XCSwiftPackageProductDependency section */
		83BE13F423C2CBB900D837A8 /* TDTools */ = {
			isa = XCSwiftPackageProductDependency;
			package = 83BE13F323C2CBB900D837A8 /* XCRemoteSwiftPackageReference "td-tools" */;
			productName = TDTools;
		};
/* End XCSwiftPackageProductDependency section */
	};
	rootObject = 83BE13AE23C1943500D837A8 /* Project object */;
}
